schema: '2.0'
stages:
  stage_01:
    cmd: python stage_01.py
    deps:
    - path: stage_01.py
      hash: md5
      md5: c8a18aaca971238790bd1474f6b65a41
      size: 96
    outs:
    - path: artifacts.txt
      hash: md5
      md5: 731a48ba6d49c12f7321ea2f344a0d98
      size: 41
  stage_02:
    cmd: python stage_02.py
    deps:
    - path: artifacts.txt
      hash: md5
      md5: 731a48ba6d49c12f7321ea2f344a0d98
      size: 41
    - path: stage_02.py
      hash: md5
      md5: b888c0b5f847e4e9f9eca9fbbb6bdb44
      size: 294
  stage_03:
    cmd: python stage_03.py
    deps:
    - path: artifacts.txt
      hash: md5
      md5: d183d17efb88075d983a9a581a279a61
      size: 62
    - path: stage_03.py
      hash: md5
      md5: dd5e2deca619606ebdeac1098e7859cc
      size: 205
